
Microsoft Visual Studio Solution File, Format Version 12.00
Project("{FAE04EC0-301F-11D3-BF4B-00C04F79EFBC}") = "JetbrainsToolboxShortcutsGenerator", "JetbrainsToolboxShortcutsGenerator\JetbrainsToolboxShortcutsGenerator.csproj", "{90EA9E43-2870-4609-B0A3-7144E141823F}"
EndProject
Global
	GlobalSection(SolutionConfigurationPlatforms) = preSolution
		Debug|Any CPU = Debug|Any CPU
		Release|Any CPU = Release|Any CPU
	EndGlobalSection
	GlobalSection(ProjectConfigurationPlatforms) = postSolution
		{90EA9E43-2870-4609-B0A3-7144E141823F}.Debug|Any CPU.ActiveCfg = Debug|Any CPU
		{90EA9E43-2870-4609-B0A3-7144E141823F}.Debug|Any CPU.Build.0 = Debug|Any CPU
		{90EA9E43-2870-4609-B0A3-7144E141823F}.Release|Any CPU.ActiveCfg = Release|Any CPU
		{90EA9E43-2870-4609-B0A3-7144E141823F}.Release|Any CPU.Build.0 = Release|Any CPU
	EndGlobalSection
EndGlobal
